
Microsoft Visual Studio Solution File, Format Version 12.00
# Visual Studio Version 17
VisualStudioVersion = 17.7.34018.315
MinimumVisualStudioVersion = 10.0.40219.1
Project("{FAE04EC0-301F-11D3-BF4B-00C04F79EFBC}") = "ChessAppApi", "ChessAppApi.csproj", "{2D9573CA-DD28-49A4-B7BC-A9FFE67B9564}"
EndProject
Global
	GlobalSection(SolutionConfigurationPlatforms) = preSolution
		Debug|Any CPU = Debug|Any CPU
		Release|Any CPU = Release|Any CPU
	EndGlobalSection
	GlobalSection(ProjectConfigurationPlatforms) = postSolution
		{2D9573CA-DD28-49A4-B7BC-A9FFE67B9564}.Debug|Any CPU.ActiveCfg = Debug|Any CPU
		{2D9573CA-DD28-49A4-B7BC-A9FFE67B9564}.Debug|Any CPU.Build.0 = Debug|Any CPU
		{2D9573CA-DD28-49A4-B7BC-A9FFE67B9564}.Release|Any CPU.ActiveCfg = Release|Any CPU
		{2D9573CA-DD28-49A4-B7BC-A9FFE67B9564}.Release|Any CPU.Build.0 = Release|Any CPU
	EndGlobalSection
	GlobalSection(SolutionProperties) = preSolution
		HideSolutionNode = FALSE
	EndGlobalSection
	GlobalSection(ExtensibilityGlobals) = postSolution
		SolutionGuid = {0D416F36-A8AE-4F28-84A2-3B564B9032F7}
	EndGlobalSection
EndGlobal
